{
    "name": "recipes",
    "lockfileVersion": 2,
    "requires": true,
    "packages": {
        "": {
            "dependencies": {
                "@types/bootstrap": "^5.0.16",
                "bootstrap": "^5.0.2"
            },
            "devDependencies": {
                "typescript": "^4.3.5"
            }
        },
        "node_modules/@popperjs/core": {
            "version": "2.9.2",
            "resolved": "https://registry.npmjs.org/@popperjs/core/-/core-2.9.2.tgz",
            "integrity": "sha512-VZMYa7+fXHdwIq1TDhSXoVmSPEGM/aa+6Aiq3nVVJ9bXr24zScr+NlKFKC3iPljA7ho/GAZr+d2jOf5GIRC30Q==",
            "funding": {
                "type": "opencollective",
                "url": "https://opencollective.com/popperjs"
            }
        },
        "node_modules/@types/bootstrap": {
            "version": "5.0.16",
            "resolved": "https://registry.npmjs.org/@types/bootstrap/-/bootstrap-5.0.16.tgz",
            "integrity": "sha512-uhtf4ELsDQVJiSDKHcuTukSn1J130q8efihDD2COk7t3XCHOSvdWqy0alIRqhzfQ3ZCUybVolLrVG4EsIF87yQ==",
            "dependencies": {
                "@popperjs/core": "^2.9.2",
                "@types/jquery": "*"
            }
        },
        "node_modules/@types/jquery": {
            "version": "3.5.5",
            "resolved": "https://registry.npmjs.org/@types/jquery/-/jquery-3.5.5.tgz",
            "integrity": "sha512-6RXU9Xzpc6vxNrS6FPPapN1SxSHgQ336WC6Jj/N8q30OiaBZ00l1GBgeP7usjVZPivSkGUfL1z/WW6TX989M+w==",
            "dependencies": {
                "@types/sizzle": "*"
            }
        },
        "node_modules/@types/sizzle": {
            "version": "2.3.3",
            "resolved": "https://registry.npmjs.org/@types/sizzle/-/sizzle-2.3.3.tgz",
            "integrity": "sha512-JYM8x9EGF163bEyhdJBpR2QX1R5naCJHC8ucJylJ3w9/CVBaskdQ8WqBf8MmQrd1kRvp/a4TS8HJ+bxzR7ZJYQ=="
        },
        "node_modules/bootstrap": {
            "version": "5.0.2",
            "resolved": "https://registry.npmjs.org/bootstrap/-/bootstrap-5.0.2.tgz",
            "integrity": "sha512-1Ge963tyEQWJJ+8qtXFU6wgmAVj9gweEjibUdbmcCEYsn38tVwRk8107rk2vzt6cfQcRr3SlZ8aQBqaD8aqf+Q==",
            "funding": {
                "type": "opencollective",
                "url": "https://opencollective.com/bootstrap"
            },
            "peerDependencies": {
                "@popperjs/core": "^2.9.2"
            }
        },
        "node_modules/typescript": {
            "version": "4.3.5",
            "resolved": "https://registry.npmjs.org/typescript/-/typescript-4.3.5.tgz",
            "integrity": "sha512-DqQgihaQ9cUrskJo9kIyW/+g0Vxsk8cDtZ52a3NGh0YNTfpUSArXSohyUGnvbPazEPLu398C0UxmKSOrPumUzA==",
            "dev": true,
            "bin": {
                "tsc": "bin/tsc",
                "tsserver": "bin/tsserver"
            },
            "engines": {
                "node": ">=4.2.0"
            }
        }
    },
    "dependencies": {
        "@popperjs/core": {
            "version": "2.9.2",
            "resolved": "https://registry.npmjs.org/@popperjs/core/-/core-2.9.2.tgz",
            "integrity": "sha512-VZMYa7+fXHdwIq1TDhSXoVmSPEGM/aa+6Aiq3nVVJ9bXr24zScr+NlKFKC3iPljA7ho/GAZr+d2jOf5GIRC30Q=="
        },
        "@types/bootstrap": {
            "version": "5.0.16",
            "resolved": "https://registry.npmjs.org/@types/bootstrap/-/bootstrap-5.0.16.tgz",
            "integrity": "sha512-uhtf4ELsDQVJiSDKHcuTukSn1J130q8efihDD2COk7t3XCHOSvdWqy0alIRqhzfQ3ZCUybVolLrVG4EsIF87yQ==",
            "requires": {
                "@popperjs/core": "^2.9.2",
                "@types/jquery": "*"
            }
        },
        "@types/jquery": {
            "version": "3.5.5",
            "resolved": "https://registry.npmjs.org/@types/jquery/-/jquery-3.5.5.tgz",
            "integrity": "sha512-6RXU9Xzpc6vxNrS6FPPapN1SxSHgQ336WC6Jj/N8q30OiaBZ00l1GBgeP7usjVZPivSkGUfL1z/WW6TX989M+w==",
            "requires": {
                "@types/sizzle": "*"
            }
        },
        "@types/sizzle": {
            "version": "2.3.3",
            "resolved": "https://registry.npmjs.org/@types/sizzle/-/sizzle-2.3.3.tgz",
            "integrity": "sha512-JYM8x9EGF163bEyhdJBpR2QX1R5naCJHC8ucJylJ3w9/CVBaskdQ8WqBf8MmQrd1kRvp/a4TS8HJ+bxzR7ZJYQ=="
        },
        "bootstrap": {
            "version": "5.0.2",
            "resolved": "https://registry.npmjs.org/bootstrap/-/bootstrap-5.0.2.tgz",
            "integrity": "sha512-1Ge963tyEQWJJ+8qtXFU6wgmAVj9gweEjibUdbmcCEYsn38tVwRk8107rk2vzt6cfQcRr3SlZ8aQBqaD8aqf+Q==",
            "requires": {}
        },
        "typescript": {
            "version": "4.3.5",
            "resolved": "https://registry.npmjs.org/typescript/-/typescript-4.3.5.tgz",
            "integrity": "sha512-DqQgihaQ9cUrskJo9kIyW/+g0Vxsk8cDtZ52a3NGh0YNTfpUSArXSohyUGnvbPazEPLu398C0UxmKSOrPumUzA==",
            "dev": true
        }
    }
}
